templateScript: /gato-template-txstate2015/templates/components/navigationBlock.ftl
renderType: freemarker
dialog: gato-template-txstate2015:components/navigationBlock
description: A Navigation Block
title: Navigation Block
areas:
  links:
    type: list
    templateScript: /gato-template-txstate2015/templates/pages/areas/navblock-area.ftl
    title: Links
    availableComponents:
      texasLink:
        id: gato-template-txstate2015:components/texasLink
